<?xml version="1.0" encoding="utf-8"?>
<Project ToolsVersion="4.0" xmlns="http://schemas.microsoft.com/developer/msbuild/2003">
  <ItemGroup>
    <CustomBuild Include="C:\temp\PluginAPI\vc11\Code20_RDM\CMakeLists.txt" />
    <CustomBuild Include="..\CMakeFiles\34cb88231eb507ce2cba5420c46ca76f\ALL_BUILD.rule">
      <Filter>CMake Rules</Filter>
    </CustomBuild>
  </ItemGroup>
  <ItemGroup>
    <None Include="CMakeFiles\ALL_BUILD" />
  </ItemGroup>
  <ItemGroup>
    <Filter Include="CMake Rules">
      <UniqueIdentifier>{9CF594C8-B0C5-4451-88E5-2DCCA386CADA}</UniqueIdentifier>
    </Filter>
  </ItemGroup>
</Project>
