Microsoft Visual Studio Solution File, Format Version 12.00
# Visual Studio 2012
Project("{8BC9CEB8-8B4A-11D0-8D11-00A0C91BC942}") = "ALL_BUILD", "ALL_BUILD.vcxproj", "{7F542D66-93CF-4531-ADE6-E049A678515E}"
	ProjectSection(ProjectDependencies) = postProject
		{B2DE5C36-022B-4614-8391-D3B3DCC63261} = {B2DE5C36-022B-4614-8391-D3B3DCC63261}
		{EF4D8A13-79D1-4F4C-B3F4-1CFC0495721D} = {EF4D8A13-79D1-4F4C-B3F4-1CFC0495721D}
		{0CCF7028-4FAA-4AFB-AC36-858BDE022801} = {0CCF7028-4FAA-4AFB-AC36-858BDE022801}
		{7C16BC6B-20C9-46F8-9C1D-C911018262ED} = {7C16BC6B-20C9-46F8-9C1D-C911018262ED}
		{D58C500A-73CF-4F77-A03A-52B5BE3B6CD8} = {D58C500A-73CF-4F77-A03A-52B5BE3B6CD8}
		{3B4257A4-40B0-408D-834B-F4FDED949780} = {3B4257A4-40B0-408D-834B-F4FDED949780}
		{482245FB-429C-4E25-995D-7DBA5CCBC0DF} = {482245FB-429C-4E25-995D-7DBA5CCBC0DF}
		{267AA2F0-552E-4C40-A16C-EDA256E64F72} = {267AA2F0-552E-4C40-A16C-EDA256E64F72}
		{CF0488A7-B80F-4D3F-9F16-15B394C72A84} = {CF0488A7-B80F-4D3F-9F16-15B394C72A84}
		{56C1929F-5948-4C0E-89C2-1BB90A9F75A6} = {56C1929F-5948-4C0E-89C2-1BB90A9F75A6}
		{A6FC69F2-EAA6-480B-B49D-CD65323AC2E4} = {A6FC69F2-EAA6-480B-B49D-CD65323AC2E4}
		{071E9EE1-03AB-457B-A64F-C815C398F800} = {071E9EE1-03AB-457B-A64F-C815C398F800}
		{D3592749-C864-4EAA-9616-F141E3D58FA3} = {D3592749-C864-4EAA-9616-F141E3D58FA3}
		{0CBE92CD-D837-43D3-B778-B7850DD44C12} = {0CBE92CD-D837-43D3-B778-B7850DD44C12}
		{F819AE64-8BE1-4B8B-8CDD-1281E52233A4} = {F819AE64-8BE1-4B8B-8CDD-1281E52233A4}
		{C7183788-AD58-4628-9DEB-7771472559A2} = {C7183788-AD58-4628-9DEB-7771472559A2}
		{6794998F-99A7-4FFA-B1E9-4D8D561DDDB0} = {6794998F-99A7-4FFA-B1E9-4D8D561DDDB0}
		{A3DD6D59-A12B-449D-9C61-7B459EFFE724} = {A3DD6D59-A12B-449D-9C61-7B459EFFE724}
		{DE3B6C06-7CCF-44E7-B362-E47165591BA8} = {DE3B6C06-7CCF-44E7-B362-E47165591BA8}
		{8E9CD5A4-649F-437D-86C7-DAD8144268EB} = {8E9CD5A4-649F-437D-86C7-DAD8144268EB}
	EndProjectSection
EndProject
Project("{8BC9CEB8-8B4A-11D0-8D11-00A0C91BC942}") = "EntityStringsManager", "Samples\EntityStringsManager.vcxproj", "{B2DE5C36-022B-4614-8391-D3B3DCC63261}"
	ProjectSection(ProjectDependencies) = postProject
		{3B4257A4-40B0-408D-834B-F4FDED949780} = {3B4257A4-40B0-408D-834B-F4FDED949780}
		{D3592749-C864-4EAA-9616-F141E3D58FA3} = {D3592749-C864-4EAA-9616-F141E3D58FA3}
	EndProjectSection
EndProject
Project("{8BC9CEB8-8B4A-11D0-8D11-00A0C91BC942}") = "FoxUtils", "FoxUtils\FoxUtils.vcxproj", "{EF4D8A13-79D1-4F4C-B3F4-1CFC0495721D}"
	ProjectSection(ProjectDependencies) = postProject
		{D3592749-C864-4EAA-9616-F141E3D58FA3} = {D3592749-C864-4EAA-9616-F141E3D58FA3}
	EndProjectSection
EndProject
Project("{8BC9CEB8-8B4A-11D0-8D11-00A0C91BC942}") = "GhostTrack", "Samples\GhostTrack.vcxproj", "{0CCF7028-4FAA-4AFB-AC36-858BDE022801}"
	ProjectSection(ProjectDependencies) = postProject
		{3B4257A4-40B0-408D-834B-F4FDED949780} = {3B4257A4-40B0-408D-834B-F4FDED949780}
		{D3592749-C864-4EAA-9616-F141E3D58FA3} = {D3592749-C864-4EAA-9616-F141E3D58FA3}
	EndProjectSection
EndProject
Project("{8BC9CEB8-8B4A-11D0-8D11-00A0C91BC942}") = "INSTALL", "INSTALL.vcxproj", "{EB64E059-6ADC-4929-8C16-877CDA4DE65B}"
	ProjectSection(ProjectDependencies) = postProject
		{7F542D66-93CF-4531-ADE6-E049A678515E} = {7F542D66-93CF-4531-ADE6-E049A678515E}
	EndProjectSection
EndProject
Project("{8BC9CEB8-8B4A-11D0-8D11-00A0C91BC942}") = "NET", "NET\NET.vcxproj", "{7C16BC6B-20C9-46F8-9C1D-C911018262ED}"
	ProjectSection(ProjectDependencies) = postProject
		{D3592749-C864-4EAA-9616-F141E3D58FA3} = {D3592749-C864-4EAA-9616-F141E3D58FA3}
	EndProjectSection
EndProject
Project("{8BC9CEB8-8B4A-11D0-8D11-00A0C91BC942}") = "OverlayMessages", "Samples\OverlayMessages.vcxproj", "{D58C500A-73CF-4F77-A03A-52B5BE3B6CD8}"
	ProjectSection(ProjectDependencies) = postProject
		{3B4257A4-40B0-408D-834B-F4FDED949780} = {3B4257A4-40B0-408D-834B-F4FDED949780}
		{D3592749-C864-4EAA-9616-F141E3D58FA3} = {D3592749-C864-4EAA-9616-F141E3D58FA3}
	EndProjectSection
EndProject
Project("{8BC9CEB8-8B4A-11D0-8D11-00A0C91BC942}") = "PluginClient", "PluginClient\PluginClient.vcxproj", "{3B4257A4-40B0-408D-834B-F4FDED949780}"
	ProjectSection(ProjectDependencies) = postProject
		{D3592749-C864-4EAA-9616-F141E3D58FA3} = {D3592749-C864-4EAA-9616-F141E3D58FA3}
	EndProjectSection
EndProject
Project("{8BC9CEB8-8B4A-11D0-8D11-00A0C91BC942}") = "STD", "STD\STD.vcxproj", "{43B5CF66-9511-4780-84D8-3BF1E25D1D82}"
	ProjectSection(ProjectDependencies) = postProject
		{D3592749-C864-4EAA-9616-F141E3D58FA3} = {D3592749-C864-4EAA-9616-F141E3D58FA3}
	EndProjectSection
EndProject
Project("{8BC9CEB8-8B4A-11D0-8D11-00A0C91BC942}") = "STL", "STL\STL.vcxproj", "{35C00024-73F1-4962-B6C7-EF317850B796}"
	ProjectSection(ProjectDependencies) = postProject
		{D3592749-C864-4EAA-9616-F141E3D58FA3} = {D3592749-C864-4EAA-9616-F141E3D58FA3}
	EndProjectSection
EndProject
Project("{8BC9CEB8-8B4A-11D0-8D11-00A0C91BC942}") = "ScrollWindow", "Samples\ScrollWindow.vcxproj", "{482245FB-429C-4E25-995D-7DBA5CCBC0DF}"
	ProjectSection(ProjectDependencies) = postProject
		{EF4D8A13-79D1-4F4C-B3F4-1CFC0495721D} = {EF4D8A13-79D1-4F4C-B3F4-1CFC0495721D}
		{3B4257A4-40B0-408D-834B-F4FDED949780} = {3B4257A4-40B0-408D-834B-F4FDED949780}
		{D3592749-C864-4EAA-9616-F141E3D58FA3} = {D3592749-C864-4EAA-9616-F141E3D58FA3}
	EndProjectSection
EndProject
Project("{8BC9CEB8-8B4A-11D0-8D11-00A0C91BC942}") = "SimplePlatform", "Code20_RDM\SimplePlatform.vcxproj", "{267AA2F0-552E-4C40-A16C-EDA256E64F72}"
	ProjectSection(ProjectDependencies) = postProject
		{3B4257A4-40B0-408D-834B-F4FDED949780} = {3B4257A4-40B0-408D-834B-F4FDED949780}
		{D3592749-C864-4EAA-9616-F141E3D58FA3} = {D3592749-C864-4EAA-9616-F141E3D58FA3}
	EndProjectSection
EndProject
Project("{8BC9CEB8-8B4A-11D0-8D11-00A0C91BC942}") = "SimpleServer", "Samples\SimpleServer.vcxproj", "{CF0488A7-B80F-4D3F-9F16-15B394C72A84}"
	ProjectSection(ProjectDependencies) = postProject
		{3B4257A4-40B0-408D-834B-F4FDED949780} = {3B4257A4-40B0-408D-834B-F4FDED949780}
		{D3592749-C864-4EAA-9616-F141E3D58FA3} = {D3592749-C864-4EAA-9616-F141E3D58FA3}
	EndProjectSection
EndProject
Project("{8BC9CEB8-8B4A-11D0-8D11-00A0C91BC942}") = "SymposiumText", "Samples\SymposiumText.vcxproj", "{56C1929F-5948-4C0E-89C2-1BB90A9F75A6}"
	ProjectSection(ProjectDependencies) = postProject
		{3B4257A4-40B0-408D-834B-F4FDED949780} = {3B4257A4-40B0-408D-834B-F4FDED949780}
		{D3592749-C864-4EAA-9616-F141E3D58FA3} = {D3592749-C864-4EAA-9616-F141E3D58FA3}
	EndProjectSection
EndProject
Project("{8BC9CEB8-8B4A-11D0-8D11-00A0C91BC942}") = "TestPlugin", "Samples\TestPlugin.vcxproj", "{A6FC69F2-EAA6-480B-B49D-CD65323AC2E4}"
	ProjectSection(ProjectDependencies) = postProject
		{3B4257A4-40B0-408D-834B-F4FDED949780} = {3B4257A4-40B0-408D-834B-F4FDED949780}
		{D3592749-C864-4EAA-9616-F141E3D58FA3} = {D3592749-C864-4EAA-9616-F141E3D58FA3}
	EndProjectSection
EndProject
Project("{8BC9CEB8-8B4A-11D0-8D11-00A0C91BC942}") = "TestTerrainAPI", "Samples\TestTerrainAPI.vcxproj", "{071E9EE1-03AB-457B-A64F-C815C398F800}"
	ProjectSection(ProjectDependencies) = postProject
		{3B4257A4-40B0-408D-834B-F4FDED949780} = {3B4257A4-40B0-408D-834B-F4FDED949780}
		{D3592749-C864-4EAA-9616-F141E3D58FA3} = {D3592749-C864-4EAA-9616-F141E3D58FA3}
	EndProjectSection
EndProject
Project("{8BC9CEB8-8B4A-11D0-8D11-00A0C91BC942}") = "XML", "XML\XML.vcxproj", "{4D41372C-4551-4155-874D-D9705E107EA5}"
	ProjectSection(ProjectDependencies) = postProject
		{D3592749-C864-4EAA-9616-F141E3D58FA3} = {D3592749-C864-4EAA-9616-F141E3D58FA3}
	EndProjectSection
EndProject
Project("{8BC9CEB8-8B4A-11D0-8D11-00A0C91BC942}") = "ZERO_CHECK", "ZERO_CHECK.vcxproj", "{D3592749-C864-4EAA-9616-F141E3D58FA3}"
	ProjectSection(ProjectDependencies) = postProject
	EndProjectSection
EndProject
Project("{8BC9CEB8-8B4A-11D0-8D11-00A0C91BC942}") = "echocli", "NET\echocli.vcxproj", "{0CBE92CD-D837-43D3-B778-B7850DD44C12}"
	ProjectSection(ProjectDependencies) = postProject
		{7C16BC6B-20C9-46F8-9C1D-C911018262ED} = {7C16BC6B-20C9-46F8-9C1D-C911018262ED}
		{D3592749-C864-4EAA-9616-F141E3D58FA3} = {D3592749-C864-4EAA-9616-F141E3D58FA3}
	EndProjectSection
EndProject
Project("{8BC9CEB8-8B4A-11D0-8D11-00A0C91BC942}") = "echoserv", "NET\echoserv.vcxproj", "{F819AE64-8BE1-4B8B-8CDD-1281E52233A4}"
	ProjectSection(ProjectDependencies) = postProject
		{7C16BC6B-20C9-46F8-9C1D-C911018262ED} = {7C16BC6B-20C9-46F8-9C1D-C911018262ED}
		{D3592749-C864-4EAA-9616-F141E3D58FA3} = {D3592749-C864-4EAA-9616-F141E3D58FA3}
	EndProjectSection
EndProject
Project("{8BC9CEB8-8B4A-11D0-8D11-00A0C91BC942}") = "gpx", "Samples\gpx.vcxproj", "{C7183788-AD58-4628-9DEB-7771472559A2}"
	ProjectSection(ProjectDependencies) = postProject
		{3B4257A4-40B0-408D-834B-F4FDED949780} = {3B4257A4-40B0-408D-834B-F4FDED949780}
		{D3592749-C864-4EAA-9616-F141E3D58FA3} = {D3592749-C864-4EAA-9616-F141E3D58FA3}
	EndProjectSection
EndProject
Project("{8BC9CEB8-8B4A-11D0-8D11-00A0C91BC942}") = "mctcs", "NET\mctcs.vcxproj", "{6794998F-99A7-4FFA-B1E9-4D8D561DDDB0}"
	ProjectSection(ProjectDependencies) = postProject
		{7C16BC6B-20C9-46F8-9C1D-C911018262ED} = {7C16BC6B-20C9-46F8-9C1D-C911018262ED}
		{D3592749-C864-4EAA-9616-F141E3D58FA3} = {D3592749-C864-4EAA-9616-F141E3D58FA3}
	EndProjectSection
EndProject
Project("{8BC9CEB8-8B4A-11D0-8D11-00A0C91BC942}") = "sympoChat", "Samples\sympoChat.vcxproj", "{A3DD6D59-A12B-449D-9C61-7B459EFFE724}"
	ProjectSection(ProjectDependencies) = postProject
		{EF4D8A13-79D1-4F4C-B3F4-1CFC0495721D} = {EF4D8A13-79D1-4F4C-B3F4-1CFC0495721D}
		{7C16BC6B-20C9-46F8-9C1D-C911018262ED} = {7C16BC6B-20C9-46F8-9C1D-C911018262ED}
		{3B4257A4-40B0-408D-834B-F4FDED949780} = {3B4257A4-40B0-408D-834B-F4FDED949780}
		{482245FB-429C-4E25-995D-7DBA5CCBC0DF} = {482245FB-429C-4E25-995D-7DBA5CCBC0DF}
		{D3592749-C864-4EAA-9616-F141E3D58FA3} = {D3592749-C864-4EAA-9616-F141E3D58FA3}
	EndProjectSection
EndProject
Project("{8BC9CEB8-8B4A-11D0-8D11-00A0C91BC942}") = "udpcli", "NET\udpcli.vcxproj", "{DE3B6C06-7CCF-44E7-B362-E47165591BA8}"
	ProjectSection(ProjectDependencies) = postProject
		{7C16BC6B-20C9-46F8-9C1D-C911018262ED} = {7C16BC6B-20C9-46F8-9C1D-C911018262ED}
		{D3592749-C864-4EAA-9616-F141E3D58FA3} = {D3592749-C864-4EAA-9616-F141E3D58FA3}
	EndProjectSection
EndProject
Project("{8BC9CEB8-8B4A-11D0-8D11-00A0C91BC942}") = "udpserv", "NET\udpserv.vcxproj", "{8E9CD5A4-649F-437D-86C7-DAD8144268EB}"
	ProjectSection(ProjectDependencies) = postProject
		{7C16BC6B-20C9-46F8-9C1D-C911018262ED} = {7C16BC6B-20C9-46F8-9C1D-C911018262ED}
		{D3592749-C864-4EAA-9616-F141E3D58FA3} = {D3592749-C864-4EAA-9616-F141E3D58FA3}
	EndProjectSection
EndProject
Global
	GlobalSection(SolutionConfigurationPlatforms) = preSolution
		Release|x64 = Release|x64
		RelWithDebInfo|x64 = RelWithDebInfo|x64
	EndGlobalSection
	GlobalSection(ProjectConfigurationPlatforms) = postSolution
		{7F542D66-93CF-4531-ADE6-E049A678515E}.Release|x64.ActiveCfg = Release|x64
		{7F542D66-93CF-4531-ADE6-E049A678515E}.Release|x64.Build.0 = Release|x64
		{7F542D66-93CF-4531-ADE6-E049A678515E}.RelWithDebInfo|x64.ActiveCfg = RelWithDebInfo|x64
		{7F542D66-93CF-4531-ADE6-E049A678515E}.RelWithDebInfo|x64.Build.0 = RelWithDebInfo|x64
		{B2DE5C36-022B-4614-8391-D3B3DCC63261}.Release|x64.ActiveCfg = Release|x64
		{B2DE5C36-022B-4614-8391-D3B3DCC63261}.Release|x64.Build.0 = Release|x64
		{B2DE5C36-022B-4614-8391-D3B3DCC63261}.RelWithDebInfo|x64.ActiveCfg = RelWithDebInfo|x64
		{B2DE5C36-022B-4614-8391-D3B3DCC63261}.RelWithDebInfo|x64.Build.0 = RelWithDebInfo|x64
		{EF4D8A13-79D1-4F4C-B3F4-1CFC0495721D}.Release|x64.ActiveCfg = Release|x64
		{EF4D8A13-79D1-4F4C-B3F4-1CFC0495721D}.Release|x64.Build.0 = Release|x64
		{EF4D8A13-79D1-4F4C-B3F4-1CFC0495721D}.RelWithDebInfo|x64.ActiveCfg = RelWithDebInfo|x64
		{EF4D8A13-79D1-4F4C-B3F4-1CFC0495721D}.RelWithDebInfo|x64.Build.0 = RelWithDebInfo|x64
		{0CCF7028-4FAA-4AFB-AC36-858BDE022801}.Release|x64.ActiveCfg = Release|x64
		{0CCF7028-4FAA-4AFB-AC36-858BDE022801}.Release|x64.Build.0 = Release|x64
		{0CCF7028-4FAA-4AFB-AC36-858BDE022801}.RelWithDebInfo|x64.ActiveCfg = RelWithDebInfo|x64
		{0CCF7028-4FAA-4AFB-AC36-858BDE022801}.RelWithDebInfo|x64.Build.0 = RelWithDebInfo|x64
		{EB64E059-6ADC-4929-8C16-877CDA4DE65B}.Release|x64.ActiveCfg = Release|x64
		{EB64E059-6ADC-4929-8C16-877CDA4DE65B}.RelWithDebInfo|x64.ActiveCfg = RelWithDebInfo|x64
		{7C16BC6B-20C9-46F8-9C1D-C911018262ED}.Release|x64.ActiveCfg = Release|x64
		{7C16BC6B-20C9-46F8-9C1D-C911018262ED}.Release|x64.Build.0 = Release|x64
		{7C16BC6B-20C9-46F8-9C1D-C911018262ED}.RelWithDebInfo|x64.ActiveCfg = RelWithDebInfo|x64
		{7C16BC6B-20C9-46F8-9C1D-C911018262ED}.RelWithDebInfo|x64.Build.0 = RelWithDebInfo|x64
		{D58C500A-73CF-4F77-A03A-52B5BE3B6CD8}.Release|x64.ActiveCfg = Release|x64
		{D58C500A-73CF-4F77-A03A-52B5BE3B6CD8}.Release|x64.Build.0 = Release|x64
		{D58C500A-73CF-4F77-A03A-52B5BE3B6CD8}.RelWithDebInfo|x64.ActiveCfg = RelWithDebInfo|x64
		{D58C500A-73CF-4F77-A03A-52B5BE3B6CD8}.RelWithDebInfo|x64.Build.0 = RelWithDebInfo|x64
		{3B4257A4-40B0-408D-834B-F4FDED949780}.Release|x64.ActiveCfg = Release|x64
		{3B4257A4-40B0-408D-834B-F4FDED949780}.Release|x64.Build.0 = Release|x64
		{3B4257A4-40B0-408D-834B-F4FDED949780}.RelWithDebInfo|x64.ActiveCfg = RelWithDebInfo|x64
		{3B4257A4-40B0-408D-834B-F4FDED949780}.RelWithDebInfo|x64.Build.0 = RelWithDebInfo|x64
		{43B5CF66-9511-4780-84D8-3BF1E25D1D82}.Release|x64.ActiveCfg = Release|x64
		{43B5CF66-9511-4780-84D8-3BF1E25D1D82}.RelWithDebInfo|x64.ActiveCfg = RelWithDebInfo|x64
		{35C00024-73F1-4962-B6C7-EF317850B796}.Release|x64.ActiveCfg = Release|x64
		{35C00024-73F1-4962-B6C7-EF317850B796}.RelWithDebInfo|x64.ActiveCfg = RelWithDebInfo|x64
		{482245FB-429C-4E25-995D-7DBA5CCBC0DF}.Release|x64.ActiveCfg = Release|x64
		{482245FB-429C-4E25-995D-7DBA5CCBC0DF}.Release|x64.Build.0 = Release|x64
		{482245FB-429C-4E25-995D-7DBA5CCBC0DF}.RelWithDebInfo|x64.ActiveCfg = RelWithDebInfo|x64
		{482245FB-429C-4E25-995D-7DBA5CCBC0DF}.RelWithDebInfo|x64.Build.0 = RelWithDebInfo|x64
		{267AA2F0-552E-4C40-A16C-EDA256E64F72}.Release|x64.ActiveCfg = Release|x64
		{267AA2F0-552E-4C40-A16C-EDA256E64F72}.Release|x64.Build.0 = Release|x64
		{267AA2F0-552E-4C40-A16C-EDA256E64F72}.RelWithDebInfo|x64.ActiveCfg = RelWithDebInfo|x64
		{267AA2F0-552E-4C40-A16C-EDA256E64F72}.RelWithDebInfo|x64.Build.0 = RelWithDebInfo|x64
		{CF0488A7-B80F-4D3F-9F16-15B394C72A84}.Release|x64.ActiveCfg = Release|x64
		{CF0488A7-B80F-4D3F-9F16-15B394C72A84}.Release|x64.Build.0 = Release|x64
		{CF0488A7-B80F-4D3F-9F16-15B394C72A84}.RelWithDebInfo|x64.ActiveCfg = RelWithDebInfo|x64
		{CF0488A7-B80F-4D3F-9F16-15B394C72A84}.RelWithDebInfo|x64.Build.0 = RelWithDebInfo|x64
		{56C1929F-5948-4C0E-89C2-1BB90A9F75A6}.Release|x64.ActiveCfg = Release|x64
		{56C1929F-5948-4C0E-89C2-1BB90A9F75A6}.Release|x64.Build.0 = Release|x64
		{56C1929F-5948-4C0E-89C2-1BB90A9F75A6}.RelWithDebInfo|x64.ActiveCfg = RelWithDebInfo|x64
		{56C1929F-5948-4C0E-89C2-1BB90A9F75A6}.RelWithDebInfo|x64.Build.0 = RelWithDebInfo|x64
		{A6FC69F2-EAA6-480B-B49D-CD65323AC2E4}.Release|x64.ActiveCfg = Release|x64
		{A6FC69F2-EAA6-480B-B49D-CD65323AC2E4}.Release|x64.Build.0 = Release|x64
		{A6FC69F2-EAA6-480B-B49D-CD65323AC2E4}.RelWithDebInfo|x64.ActiveCfg = RelWithDebInfo|x64
		{A6FC69F2-EAA6-480B-B49D-CD65323AC2E4}.RelWithDebInfo|x64.Build.0 = RelWithDebInfo|x64
		{071E9EE1-03AB-457B-A64F-C815C398F800}.Release|x64.ActiveCfg = Release|x64
		{071E9EE1-03AB-457B-A64F-C815C398F800}.Release|x64.Build.0 = Release|x64
		{071E9EE1-03AB-457B-A64F-C815C398F800}.RelWithDebInfo|x64.ActiveCfg = RelWithDebInfo|x64
		{071E9EE1-03AB-457B-A64F-C815C398F800}.RelWithDebInfo|x64.Build.0 = RelWithDebInfo|x64
		{4D41372C-4551-4155-874D-D9705E107EA5}.Release|x64.ActiveCfg = Release|x64
		{4D41372C-4551-4155-874D-D9705E107EA5}.RelWithDebInfo|x64.ActiveCfg = RelWithDebInfo|x64
		{D3592749-C864-4EAA-9616-F141E3D58FA3}.Release|x64.ActiveCfg = Release|x64
		{D3592749-C864-4EAA-9616-F141E3D58FA3}.Release|x64.Build.0 = Release|x64
		{D3592749-C864-4EAA-9616-F141E3D58FA3}.RelWithDebInfo|x64.ActiveCfg = RelWithDebInfo|x64
		{D3592749-C864-4EAA-9616-F141E3D58FA3}.RelWithDebInfo|x64.Build.0 = RelWithDebInfo|x64
		{0CBE92CD-D837-43D3-B778-B7850DD44C12}.Release|x64.ActiveCfg = Release|x64
		{0CBE92CD-D837-43D3-B778-B7850DD44C12}.Release|x64.Build.0 = Release|x64
		{0CBE92CD-D837-43D3-B778-B7850DD44C12}.RelWithDebInfo|x64.ActiveCfg = RelWithDebInfo|x64
		{0CBE92CD-D837-43D3-B778-B7850DD44C12}.RelWithDebInfo|x64.Build.0 = RelWithDebInfo|x64
		{F819AE64-8BE1-4B8B-8CDD-1281E52233A4}.Release|x64.ActiveCfg = Release|x64
		{F819AE64-8BE1-4B8B-8CDD-1281E52233A4}.Release|x64.Build.0 = Release|x64
		{F819AE64-8BE1-4B8B-8CDD-1281E52233A4}.RelWithDebInfo|x64.ActiveCfg = RelWithDebInfo|x64
		{F819AE64-8BE1-4B8B-8CDD-1281E52233A4}.RelWithDebInfo|x64.Build.0 = RelWithDebInfo|x64
		{C7183788-AD58-4628-9DEB-7771472559A2}.Release|x64.ActiveCfg = Release|x64
		{C7183788-AD58-4628-9DEB-7771472559A2}.Release|x64.Build.0 = Release|x64
		{C7183788-AD58-4628-9DEB-7771472559A2}.RelWithDebInfo|x64.ActiveCfg = RelWithDebInfo|x64
		{C7183788-AD58-4628-9DEB-7771472559A2}.RelWithDebInfo|x64.Build.0 = RelWithDebInfo|x64
		{6794998F-99A7-4FFA-B1E9-4D8D561DDDB0}.Release|x64.ActiveCfg = Release|x64
		{6794998F-99A7-4FFA-B1E9-4D8D561DDDB0}.Release|x64.Build.0 = Release|x64
		{6794998F-99A7-4FFA-B1E9-4D8D561DDDB0}.RelWithDebInfo|x64.ActiveCfg = RelWithDebInfo|x64
		{6794998F-99A7-4FFA-B1E9-4D8D561DDDB0}.RelWithDebInfo|x64.Build.0 = RelWithDebInfo|x64
		{A3DD6D59-A12B-449D-9C61-7B459EFFE724}.Release|x64.ActiveCfg = Release|x64
		{A3DD6D59-A12B-449D-9C61-7B459EFFE724}.Release|x64.Build.0 = Release|x64
		{A3DD6D59-A12B-449D-9C61-7B459EFFE724}.RelWithDebInfo|x64.ActiveCfg = RelWithDebInfo|x64
		{A3DD6D59-A12B-449D-9C61-7B459EFFE724}.RelWithDebInfo|x64.Build.0 = RelWithDebInfo|x64
		{DE3B6C06-7CCF-44E7-B362-E47165591BA8}.Release|x64.ActiveCfg = Release|x64
		{DE3B6C06-7CCF-44E7-B362-E47165591BA8}.Release|x64.Build.0 = Release|x64
		{DE3B6C06-7CCF-44E7-B362-E47165591BA8}.RelWithDebInfo|x64.ActiveCfg = RelWithDebInfo|x64
		{DE3B6C06-7CCF-44E7-B362-E47165591BA8}.RelWithDebInfo|x64.Build.0 = RelWithDebInfo|x64
		{8E9CD5A4-649F-437D-86C7-DAD8144268EB}.Release|x64.ActiveCfg = Release|x64
		{8E9CD5A4-649F-437D-86C7-DAD8144268EB}.Release|x64.Build.0 = Release|x64
		{8E9CD5A4-649F-437D-86C7-DAD8144268EB}.RelWithDebInfo|x64.ActiveCfg = RelWithDebInfo|x64
		{8E9CD5A4-649F-437D-86C7-DAD8144268EB}.RelWithDebInfo|x64.Build.0 = RelWithDebInfo|x64
	EndGlobalSection
	GlobalSection(ExtensibilityGlobals) = postSolution
	EndGlobalSection
	GlobalSection(ExtensibilityAddIns) = postSolution
	EndGlobalSection
EndGlobal
