<?xml version="1.0" encoding="utf-8"?>
<Project ToolsVersion="4.0" xmlns="http://schemas.microsoft.com/developer/msbuild/2003">
  <ItemGroup>
    <ClCompile Include="src\PlatformDialog.cpp">
      <Filter>Source Files</Filter>
    </ClCompile>
    <ClCompile Include="src\PlatformEngine.cpp">
      <Filter>Source Files</Filter>
    </ClCompile>
    <ClCompile Include="src\PlatformLoader.cpp">
      <Filter>Source Files</Filter>
    </ClCompile>
    <ClCompile Include="src\TrackData.cpp">
      <Filter>Source Files</Filter>
    </ClCompile>
  </ItemGroup>
  <ItemGroup>
    <ClInclude Include="include\PlatformDialog.h">
      <Filter>Header Files</Filter>
    </ClInclude>
    <ClInclude Include="include\PlatformEngine.h">
      <Filter>Header Files</Filter>
    </ClInclude>
    <ClInclude Include="include\PlatformLoader.h">
      <Filter>Header Files</Filter>
    </ClInclude>
    <ClInclude Include="include\TrackData.h">
      <Filter>Header Files</Filter>
    </ClInclude>
  </ItemGroup>
  <ItemGroup>
    <Filter Include="Source Files">
      <UniqueIdentifier>{8217121F-AD19-47A5-A2DA-D36378C1A923}</UniqueIdentifier>
    </Filter>
    <Filter Include="Header Files">
      <UniqueIdentifier>{AE1145B1-A0A3-466D-8E3D-A168B7515E02}</UniqueIdentifier>
    </Filter>
  </ItemGroup>
  <ItemGroup>
    <ResourceCompile Include="SimplePlatform.rc" />
  </ItemGroup>
  <ItemGroup>
    <None Include="ClassDiagram1.cd" />
  </ItemGroup>
</Project>